// !$*UTF8*$!
{
	archiveVersion = 1;
	classes = {
	};
	objectVersion = 46;
	objects = {

/* Begin PBXBuildFile section */
		092B66F4193467130063C19D /* Foundation.framework in Frameworks */ = {isa = PBXBuildFile; fileRef = 092B66F3193467130063C19D /* Foundation.framework */; };
		092B66F6193467130063C19D /* CoreGraphics.framework in Frameworks */ = {isa = PBXBuildFile; fileRef = 092B66F5193467130063C19D /* CoreGraphics.framework */; };
		092B66F8193467140063C19D /* UIKit.framework in Frameworks */ = {isa = PBXBuildFile; fileRef = 092B66F7193467140063C19D /* UIKit.framework */; };
		092B66FE193467140063C19D /* InfoPlist.strings in Resources */ = {isa = PBXBuildFile; fileRef = 092B66FC193467140063C19D /* InfoPlist.strings */; };
		092B6700193467140063C19D /* main.m in Sources */ = {isa = PBXBuildFile; fileRef = 092B66FF193467140063C19D /* main.m */; };
		092B6704193467140063C19D /* CalculatorAppDelegate.m in Sources */ = {isa = PBXBuildFile; fileRef = 092B6703193467140063C19D /* CalculatorAppDelegate.m */; };
		092B6707193467140063C19D /* Main_iPhone.storyboard in Resources */ = {isa = PBXBuildFile; fileRef = 092B6705193467140063C19D /* Main_iPhone.storyboard */; };
		092B670A193467140063C19D /* Main_iPad.storyboard in Resources */ = {isa = PBXBuildFile; fileRef = 092B6708193467140063C19D /* Main_iPad.storyboard */; };
		092B670D193467140063C19D /* CalculatorViewController.m in Sources */ = {isa = PBXBuildFile; fileRef = 092B670C193467140063C19D /* CalculatorViewController.m */; };
		092B670F193467140063C19D /* Images.xcassets in Resources */ = {isa = PBXBuildFile; fileRef = 092B670E193467140063C19D /* Images.xcassets */; };
		092B6716193467140063C19D /* XCTest.framework in Frameworks */ = {isa = PBXBuildFile; fileRef = 092B6715193467140063C19D /* XCTest.framework */; };
		092B6717193467140063C19D /* Foundation.framework in Frameworks */ = {isa = PBXBuildFile; fileRef = 092B66F3193467130063C19D /* Foundation.framework */; };
		092B6718193467140063C19D /* UIKit.framework in Frameworks */ = {isa = PBXBuildFile; fileRef = 092B66F7193467140063C19D /* UIKit.framework */; };
		092B6720193467140063C19D /* InfoPlist.strings in Resources */ = {isa = PBXBuildFile; fileRef = 092B671E193467140063C19D /* InfoPlist.strings */; };
		092B6722193467140063C19D /* CalculatorTests.m in Sources */ = {isa = PBXBuildFile; fileRef = 092B6721193467140063C19D /* CalculatorTests.m */; };
/* End PBXBuildFile section */

/* Begin PBXContainerItemProxy section */
		092B6719193467140063C19D /* PBXContainerItemProxy */ = {
			isa = PBXContainerItemProxy;
			containerPortal = 092B66E8193467130063C19D /* Project object */;
			proxyType = 1;
			remoteGlobalIDString = 092B66EF193467130063C19D;
			remoteInfo = Calculator;
		};
/* End PBXContainerItemProxy section */

/* Begin PBXFileReference section */
		092B66F0193467130063C19D /* Calculator.app */ = {isa = PBXFileReference; explicitFileType = wrapper.application; includeInIndex = 0; path = Calculator.app; sourceTree = BUILT_PRODUCTS_DIR; };
		092B66F3193467130063C19D /* Foundation.framework */ = {isa = PBXFileReference; lastKnownFileType = wrapper.framework; name = Foundation.framework; path = System/Library/Frameworks/Foundation.framework; sourceTree = SDKROOT; };
		092B66F5193467130063C19D /* CoreGraphics.framework */ = {isa = PBXFileReference; lastKnownFileType = wrapper.framework; name = CoreGraphics.framework; path = System/Library/Frameworks/CoreGraphics.framework; sourceTree = SDKROOT; };
		092B66F7193467140063C19D /* UIKit.framework */ = {isa = PBXFileReference; lastKnownFileType = wrapper.framework; name = UIKit.framework; path = System/Library/Frameworks/UIKit.framework; sourceTree = SDKROOT; };
		092B66FB193467140063C19D /* Calculator-Info.plist */ = {isa = PBXFileReference; lastKnownFileType = text.plist.xml; path = "Calculator-Info.plist"; sourceTree = "<group>"; };
		092B66FD193467140063C19D /* en */ = {isa = PBXFileReference; lastKnownFileType = text.plist.strings; name = en; path = en.lproj/InfoPlist.strings; sourceTree = "<group>"; };
		092B66FF193467140063C19D /* main.m */ = {isa = PBXFileReference; lastKnownFileType = sourcecode.c.objc; path = main.m; sourceTree = "<group>"; };
		092B6701193467140063C19D /* Calculator-Prefix.pch */ = {isa = PBXFileReference; lastKnownFileType = sourcecode.c.h; path = "Calculator-Prefix.pch"; sourceTree = "<group>"; };
		092B6702193467140063C19D /* CalculatorAppDelegate.h */ = {isa = PBXFileReference; lastKnownFileType = sourcecode.c.h; path = CalculatorAppDelegate.h; sourceTree = "<group>"; };
		092B6703193467140063C19D /* CalculatorAppDelegate.m */ = {isa = PBXFileReference; lastKnownFileType = sourcecode.c.objc; path = CalculatorAppDelegate.m; sourceTree = "<group>"; };
		092B6706193467140063C19D /* Base */ = {isa = PBXFileReference; lastKnownFileType = file.storyboard; name = Base; path = Base.lproj/Main_iPhone.storyboard; sourceTree = "<group>"; };
		092B6709193467140063C19D /* Base */ = {isa = PBXFileReference; lastKnownFileType = file.storyboard; name = Base; path = Base.lproj/Main_iPad.storyboard; sourceTree = "<group>"; };
		092B670B193467140063C19D /* CalculatorViewController.h */ = {isa = PBXFileReference; lastKnownFileType = sourcecode.c.h; path = CalculatorViewController.h; sourceTree = "<group>"; };
		092B670C193467140063C19D /* CalculatorViewController.m */ = {isa = PBXFileReference; lastKnownFileType = sourcecode.c.objc; path = CalculatorViewController.m; sourceTree = "<group>"; };
		092B670E193467140063C19D /* Images.xcassets */ = {isa = PBXFileReference; lastKnownFileType = folder.assetcatalog; path = Images.xcassets; sourceTree = "<group>"; };
		092B6714193467140063C19D /* CalculatorTests.xctest */ = {isa = PBXFileReference; explicitFileType = wrapper.cfbundle; includeInIndex = 0; path = CalculatorTests.xctest; sourceTree = BUILT_PRODUCTS_DIR; };
		092B6715193467140063C19D /* XCTest.framework */ = {isa = PBXFileReference; lastKnownFileType = wrapper.framework; name = XCTest.framework; path = Library/Frameworks/XCTest.framework; sourceTree = DEVELOPER_DIR; };
		092B671D193467140063C19D /* CalculatorTests-Info.plist */ = {isa = PBXFileReference; lastKnownFileType = text.plist.xml; path = "CalculatorTests-Info.plist"; sourceTree = "<group>"; };
		092B671F193467140063C19D /* en */ = {isa = PBXFileReference; lastKnownFileType = text.plist.strings; name = en; path = en.lproj/InfoPlist.strings; sourceTree = "<group>"; };
		092B6721193467140063C19D /* CalculatorTests.m */ = {isa = PBXFileReference; lastKnownFileType = sourcecode.c.objc; path = CalculatorTests.m; sourceTree = "<group>"; };
/* End PBXFileReference section */

/* Begin PBXFrameworksBuildPhase section */
		092B66ED193467130063C19D /* Frameworks */ = {
			isa = PBXFrameworksBuildPhase;
			buildActionMask = 2147483647;
			files = (
				092B66F6193467130063C19D /* CoreGraphics.framework in Frameworks */,
				092B66F8193467140063C19D /* UIKit.framework in Frameworks */,
				092B66F4193467130063C19D /* Foundation.framework in Frameworks */,
			);
			runOnlyForDeploymentPostprocessing = 0;
		};
		092B6711193467140063C19D /* Frameworks */ = {
			isa = PBXFrameworksBuildPhase;
			buildActionMask = 2147483647;
			files = (
				092B6716193467140063C19D /* XCTest.framework in Frameworks */,
				092B6718193467140063C19D /* UIKit.framework in Frameworks */,
				092B6717193467140063C19D /* Foundation.framework in Frameworks */,
			);
			runOnlyForDeploymentPostprocessing = 0;
		};
/* End PBXFrameworksBuildPhase section */

/* Begin PBXGroup section */
		092B66E7193467130063C19D = {
			isa = PBXGroup;
			children = (
				092B66F9193467140063C19D /* Calculator */,
				092B671B193467140063C19D /* CalculatorTests */,
				092B66F2193467130063C19D /* Frameworks */,
				092B66F1193467130063C19D /* Products */,
			);
			sourceTree = "<group>";
		};
		092B66F1193467130063C19D /* Products */ = {
			isa = PBXGroup;
			children = (
				092B66F0193467130063C19D /* Calculator.app */,
				092B6714193467140063C19D /* CalculatorTests.xctest */,
			);
			name = Products;
			sourceTree = "<group>";
		};
		092B66F2193467130063C19D /* Frameworks */ = {
			isa = PBXGroup;
			children = (
				092B66F3193467130063C19D /* Foundation.framework */,
				092B66F5193467130063C19D /* CoreGraphics.framework */,
				092B66F7193467140063C19D /* UIKit.framework */,
				092B6715193467140063C19D /* XCTest.framework */,
			);
			name = Frameworks;
			sourceTree = "<group>";
		};
		092B66F9193467140063C19D /* Calculator */ = {
			isa = PBXGroup;
			children = (
				092B6702193467140063C19D /* CalculatorAppDelegate.h */,
				092B6703193467140063C19D /* CalculatorAppDelegate.m */,
				092B6705193467140063C19D /* Main_iPhone.storyboard */,
				092B6708193467140063C19D /* Main_iPad.storyboard */,
				092B670B193467140063C19D /* CalculatorViewController.h */,
				092B670C193467140063C19D /* CalculatorViewController.m */,
				092B670E193467140063C19D /* Images.xcassets */,
				092B66FA193467140063C19D /* Supporting Files */,
			);
			path = Calculator;
			sourceTree = "<group>";
		};
		092B66FA193467140063C19D /* Supporting Files */ = {
			isa = PBXGroup;
			children = (
				092B66FB193467140063C19D /* Calculator-Info.plist */,
				092B66FC193467140063C19D /* InfoPlist.strings */,
				092B66FF193467140063C19D /* main.m */,
				092B6701193467140063C19D /* Calculator-Prefix.pch */,
			);
			name = "Supporting Files";
			sourceTree = "<group>";
		};
		092B671B193467140063C19D /* CalculatorTests */ = {
			isa = PBXGroup;
			children = (
				092B6721193467140063C19D /* CalculatorTests.m */,
				092B671C193467140063C19D /* Supporting Files */,
			);
			path = CalculatorTests;
			sourceTree = "<group>";
		};
		092B671C193467140063C19D /* Supporting Files */ = {
			isa = PBXGroup;
			children = (
				092B671D193467140063C19D /* CalculatorTests-Info.plist */,
				092B671E193467140063C19D /* InfoPlist.strings */,
			);
			name = "Supporting Files";
			sourceTree = "<group>";
		};
/* End PBXGroup section */

/* Begin PBXNativeTarget section */
		092B66EF193467130063C19D /* Calculator */ = {
			isa = PBXNativeTarget;
			buildConfigurationList = 092B6725193467140063C19D /* Build configuration list for PBXNativeTarget "Calculator" */;
			buildPhases = (
				092B66EC193467130063C19D /* Sources */,
				092B66ED193467130063C19D /* Frameworks */,
				092B66EE193467130063C19D /* Resources */,
			);
			buildRules = (
			);
			dependencies = (
			);
			name = Calculator;
			productName = Calculator;
			productReference = 092B66F0193467130063C19D /* Calculator.app */;
			productType = "com.apple.product-type.application";
		};
		092B6713193467140063C19D /* CalculatorTests */ = {
			isa = PBXNativeTarget;
			buildConfigurationList = 092B6728193467140063C19D /* Build configuration list for PBXNativeTarget "CalculatorTests" */;
			buildPhases = (
				092B6710193467140063C19D /* Sources */,
				092B6711193467140063C19D /* Frameworks */,
				092B6712193467140063C19D /* Resources */,
			);
			buildRules = (
			);
			dependencies = (
				092B671A193467140063C19D /* PBXTargetDependency */,
			);
			name = CalculatorTests;
			productName = CalculatorTests;
			productReference = 092B6714193467140063C19D /* CalculatorTests.xctest */;
			productType = "com.apple.product-type.bundle.unit-test";
		};
/* End PBXNativeTarget section */

/* Begin PBXProject section */
		092B66E8193467130063C19D /* Project object */ = {
			isa = PBXProject;
			attributes = {
				CLASSPREFIX = Calculator;
				LastUpgradeCheck = 0510;
				ORGANIZATIONNAME = Gentry;
				TargetAttributes = {
					092B6713193467140063C19D = {
						TestTargetID = 092B66EF193467130063C19D;
					};
				};
			};
			buildConfigurationList = 092B66EB193467130063C19D /* Build configuration list for PBXProject "Calculator" */;
			compatibilityVersion = "Xcode 3.2";
			developmentRegion = English;
			hasScannedForEncodings = 0;
			knownRegions = (
				en,
				Base,
			);
			mainGroup = 092B66E7193467130063C19D;
			productRefGroup = 092B66F1193467130063C19D /* Products */;
			projectDirPath = "";
			projectRoot = "";
			targets = (
				092B66EF193467130063C19D /* Calculator */,
				092B6713193467140063C19D /* CalculatorTests */,
			);
		};
/* End PBXProject section */

/* Begin PBXResourcesBuildPhase section */
		092B66EE193467130063C19D /* Resources */ = {
			isa = PBXResourcesBuildPhase;
			buildActionMask = 2147483647;
			files = (
				092B670A193467140063C19D /* Main_iPad.storyboard in Resources */,
				092B670F193467140063C19D /* Images.xcassets in Resources */,
				092B6707193467140063C19D /* Main_iPhone.storyboard in Resources */,
				092B66FE193467140063C19D /* InfoPlist.strings in Resources */,
			);
			runOnlyForDeploymentPostprocessing = 0;
		};
		092B6712193467140063C19D /* Resources */ = {
			isa = PBXResourcesBuildPhase;
			buildActionMask = 2147483647;
			files = (
				092B6720193467140063C19D /* InfoPlist.strings in Resources */,
			);
			runOnlyForDeploymentPostprocessing = 0;
		};
/* End PBXResourcesBuildPhase section */

/* Begin PBXSourcesBuildPhase section */
		092B66EC193467130063C19D /* Sources */ = {
			isa = PBXSourcesBuildPhase;
			buildActionMask = 2147483647;
			files = (
				092B6704193467140063C19D /* CalculatorAppDelegate.m in Sources */,
				092B6700193467140063C19D /* main.m in Sources */,
				092B670D193467140063C19D /* CalculatorViewController.m in Sources */,
			);
			runOnlyForDeploymentPostprocessing = 0;
		};
		092B6710193467140063C19D /* Sources */ = {
			isa = PBXSourcesBuildPhase;
			buildActionMask = 2147483647;
			files = (
				092B6722193467140063C19D /* CalculatorTests.m in Sources */,
			);
			runOnlyForDeploymentPostprocessing = 0;
		};
/* End PBXSourcesBuildPhase section */

/* Begin PBXTargetDependency section */
		092B671A193467140063C19D /* PBXTargetDependency */ = {
			isa = PBXTargetDependency;
			target = 092B66EF193467130063C19D /* Calculator */;
			targetProxy = 092B6719193467140063C19D /* PBXContainerItemProxy */;
		};
/* End PBXTargetDependency section */

/* Begin PBXVariantGroup section */
		092B66FC193467140063C19D /* InfoPlist.strings */ = {
			isa = PBXVariantGroup;
			children = (
				092B66FD193467140063C19D /* en */,
			);
			name = InfoPlist.strings;
			sourceTree = "<group>";
		};
		092B6705193467140063C19D /* Main_iPhone.storyboard */ = {
			isa = PBXVariantGroup;
			children = (
				092B6706193467140063C19D /* Base */,
			);
			name = Main_iPhone.storyboard;
			sourceTree = "<group>";
		};
		092B6708193467140063C19D /* Main_iPad.storyboard */ = {
			isa = PBXVariantGroup;
			children = (
				092B6709193467140063C19D /* Base */,
			);
			name = Main_iPad.storyboard;
			sourceTree = "<group>";
		};
		092B671E193467140063C19D /* InfoPlist.strings */ = {
			isa = PBXVariantGroup;
			children = (
				092B671F193467140063C19D /* en */,
			);
			name = InfoPlist.strings;
			sourceTree = "<group>";
		};
/* End PBXVariantGroup section */

/* Begin XCBuildConfiguration section */
		092B6723193467140063C19D /* Debug */ = {
			isa = XCBuildConfiguration;
			buildSettings = {
				ALWAYS_SEARCH_USER_PATHS = NO;
				CLANG_CXX_LANGUAGE_STANDARD = "gnu++0x";
				CLANG_CXX_LIBRARY = "libc++";
				CLANG_ENABLE_MODULES = YES;
				CLANG_ENABLE_OBJC_ARC = YES;
				CLANG_WARN_BOOL_CONVERSION = YES;
				CLANG_WARN_CONSTANT_CONVERSION = YES;
				CLANG_WARN_DIRECT_OBJC_ISA_USAGE = YES_ERROR;
				CLANG_WARN_EMPTY_BODY = YES;
				CLANG_WARN_ENUM_CONVERSION = YES;
				CLANG_WARN_INT_CONVERSION = YES;
				CLANG_WARN_OBJC_ROOT_CLASS = YES_ERROR;
				CLANG_WARN__DUPLICATE_METHOD_MATCH = YES;
				"CODE_SIGN_IDENTITY[sdk=iphoneos*]" = "iPhone Developer";
				COPY_PHASE_STRIP = NO;
				GCC_C_LANGUAGE_STANDARD = gnu99;
				GCC_DYNAMIC_NO_PIC = NO;
				GCC_OPTIMIZATION_LEVEL = 0;
				GCC_PREPROCESSOR_DEFINITIONS = (
					"DEBUG=1",
					"$(inherited)",
				);
				GCC_SYMBOLS_PRIVATE_EXTERN = NO;
				GCC_WARN_64_TO_32_BIT_CONVERSION = YES;
				GCC_WARN_ABOUT_RETURN_TYPE = YES_ERROR;
				GCC_WARN_UNDECLARED_SELECTOR = YES;
				GCC_WARN_UNINITIALIZED_AUTOS = YES_AGGRESSIVE;
				GCC_WARN_UNUSED_FUNCTION = YES;
				GCC_WARN_UNUSED_VARIABLE = YES;
				IPHONEOS_DEPLOYMENT_TARGET = 7.1;
				ONLY_ACTIVE_ARCH = YES;
				SDKROOT = iphoneos;
				TARGETED_DEVICE_FAMILY = "1,2";
			};
			name = Debug;
		};
		092B6724193467140063C19D /* Release */ = {
			isa = XCBuildConfiguration;
			buildSettings = {
				ALWAYS_SEARCH_USER_PATHS = NO;
				CLANG_CXX_LANGUAGE_STANDARD = "gnu++0x";
				CLANG_CXX_LIBRARY = "libc++";
				CLANG_ENABLE_MODULES = YES;
				CLANG_ENABLE_OBJC_ARC = YES;
				CLANG_WARN_BOOL_CONVERSION = YES;
				CLANG_WARN_CONSTANT_CONVERSION = YES;
				CLANG_WARN_DIRECT_OBJC_ISA_USAGE = YES_ERROR;
				CLANG_WARN_EMPTY_BODY = YES;
				CLANG_WARN_ENUM_CONVERSION = YES;
				CLANG_WARN_INT_CONVERSION = YES;
				CLANG_WARN_OBJC_ROOT_CLASS = YES_ERROR;
				CLANG_WARN__DUPLICATE_METHOD_MATCH = YES;
				"CODE_SIGN_IDENTITY[sdk=iphoneos*]" = "iPhone Developer";
				COPY_PHASE_STRIP = YES;
				ENABLE_NS_ASSERTIONS = NO;
				GCC_C_LANGUAGE_STANDARD = gnu99;
				GCC_WARN_64_TO_32_BIT_CONVERSION = YES;
				GCC_WARN_ABOUT_RETURN_TYPE = YES_ERROR;
				GCC_WARN_UNDECLARED_SELECTOR = YES;
				GCC_WARN_UNINITIALIZED_AUTOS = YES_AGGRESSIVE;
				GCC_WARN_UNUSED_FUNCTION = YES;
				GCC_WARN_UNUSED_VARIABLE = YES;
				IPHONEOS_DEPLOYMENT_TARGET = 7.1;
				SDKROOT = iphoneos;
				TARGETED_DEVICE_FAMILY = "1,2";
				VALIDATE_PRODUCT = YES;
			};
			name = Release;
		};
		092B6726193467140063C19D /* Debug */ = {
			isa = XCBuildConfiguration;
			buildSettings = {
				ASSETCATALOG_COMPILER_APPICON_NAME = AppIcon;
				ASSETCATALOG_COMPILER_LAUNCHIMAGE_NAME = LaunchImage;
				GCC_PRECOMPILE_PREFIX_HEADER = YES;
				GCC_PREFIX_HEADER = "Calculator/Calculator-Prefix.pch";
				INFOPLIST_FILE = "Calculator/Calculator-Info.plist";
				PRODUCT_NAME = "$(TARGET_NAME)";
				WRAPPER_EXTENSION = app;
			};
			name = Debug;
		};
		092B6727193467140063C19D /* Release */ = {
			isa = XCBuildConfiguration;
			buildSettings = {
				ASSETCATALOG_COMPILER_APPICON_NAME = AppIcon;
				ASSETCATALOG_COMPILER_LAUNCHIMAGE_NAME = LaunchImage;
				GCC_PRECOMPILE_PREFIX_HEADER = YES;
				GCC_PREFIX_HEADER = "Calculator/Calculator-Prefix.pch";
				INFOPLIST_FILE = "Calculator/Calculator-Info.plist";
				PRODUCT_NAME = "$(TARGET_NAME)";
				WRAPPER_EXTENSION = app;
			};
			name = Release;
		};
		092B6729193467140063C19D /* Debug */ = {
			isa = XCBuildConfiguration;
			buildSettings = {
				BUNDLE_LOADER = "$(BUILT_PRODUCTS_DIR)/Calculator.app/Calculator";
				FRAMEWORK_SEARCH_PATHS = (
					"$(SDKROOT)/Developer/Library/Frameworks",
					"$(inherited)",
					"$(DEVELOPER_FRAMEWORKS_DIR)",
				);
				GCC_PRECOMPILE_PREFIX_HEADER = YES;
				GCC_PREFIX_HEADER = "Calculator/Calculator-Prefix.pch";
				GCC_PREPROCESSOR_DEFINITIONS = (
					"DEBUG=1",
					"$(inherited)",
				);
				INFOPLIST_FILE = "CalculatorTests/CalculatorTests-Info.plist";
				PRODUCT_NAME = "$(TARGET_NAME)";
				TEST_HOST = "$(BUNDLE_LOADER)";
				WRAPPER_EXTENSION = xctest;
			};
			name = Debug;
		};
		092B672A193467140063C19D /* Release */ = {
			isa = XCBuildConfiguration;
			buildSettings = {
				BUNDLE_LOADER = "$(BUILT_PRODUCTS_DIR)/Calculator.app/Calculator";
				FRAMEWORK_SEARCH_PATHS = (
					"$(SDKROOT)/Developer/Library/Frameworks",
					"$(inherited)",
					"$(DEVELOPER_FRAMEWORKS_DIR)",
				);
				GCC_PRECOMPILE_PREFIX_HEADER = YES;
				GCC_PREFIX_HEADER = "Calculator/Calculator-Prefix.pch";
				INFOPLIST_FILE = "CalculatorTests/CalculatorTests-Info.plist";
				PRODUCT_NAME = "$(TARGET_NAME)";
				TEST_HOST = "$(BUNDLE_LOADER)";
				WRAPPER_EXTENSION = xctest;
			};
			name = Release;
		};
/* End XCBuildConfiguration section */

/* Begin XCConfigurationList section */
		092B66EB193467130063C19D /* Build configuration list for PBXProject "Calculator" */ = {
			isa = XCConfigurationList;
			buildConfigurations = (
				092B6723193467140063C19D /* Debug */,
				092B6724193467140063C19D /* Release */,
			);
			defaultConfigurationIsVisible = 0;
			defaultConfigurationName = Release;
		};
		092B6725193467140063C19D /* Build configuration list for PBXNativeTarget "Calculator" */ = {
			isa = XCConfigurationList;
			buildConfigurations = (
				092B6726193467140063C19D /* Debug */,
				092B6727193467140063C19D /* Release */,
			);
			defaultConfigurationIsVisible = 0;
		};
		092B6728193467140063C19D /* Build configuration list for PBXNativeTarget "CalculatorTests" */ = {
			isa = XCConfigurationList;
			buildConfigurations = (
				092B6729193467140063C19D /* Debug */,
				092B672A193467140063C19D /* Release */,
			);
			defaultConfigurationIsVisible = 0;
		};
/* End XCConfigurationList section */
	};
	rootObject = 092B66E8193467130063C19D /* Project object */;
}
